# THIS IS AN AUTOGENERATED FILE. DO NOT EDIT THIS FILE DIRECTLY.
# yarn lockfile v1


"@types/wechat-miniprogram@^3.4.0":
  version "3.4.0"
  resolved "https://registry.yarnpkg.com/@types/wechat-miniprogram/-/wechat-miniprogram-3.4.0.tgz#d743d5b3c17bd531c2c178ea1fe9d92a0b23bcd0"
  integrity sha512-7d7KDwoV42/ANx/0C8C4ctBv1q9XnXYD4Fz0C+3ii0Tm+HRIwwDcinv8S88Ut/Y80czlI0shGpTgLFe0GbrXWQ==

jsx2mp-runtime@^0.4.8:
  version "0.4.25"
  resolved "https://registry.yarnpkg.com/jsx2mp-runtime/-/jsx2mp-runtime-0.4.25.tgz#238700e4e7d965e537d661bd0b1139354a564818"
  integrity sha512-dR8SUF0Bsig2W7DfokDgsYKryZj+oMIrHjWKOcBdXmEFrIcmbIo4DHDK/Wbmsca37ybCRzExMC0CsRGN2vNimw==
